
Microsoft Visual Studio Solution File, Format Version 12.00
# Visual Studio Version 16
VisualStudioVersion = 16.0.31605.320
MinimumVisualStudioVersion = 10.0.40219.1
Project("{FAE04EC0-301F-11D3-BF4B-00C04F79EFBC}") = "Practice1.Android", "Practice1\Practice1.Android\Practice1.Android.csproj", "{9F9172B8-D938-4DAB-B7F2-7C1F858C69F0}"
EndProject
Project("{FAE04EC0-301F-11D3-BF4B-00C04F79EFBC}") = "Practice1.iOS", "Practice1\Practice1.iOS\Practice1.iOS.csproj", "{82CC333A-DED8-4A5B-845F-5A590FA8A17F}"
EndProject
Project("{FAE04EC0-301F-11D3-BF4B-00C04F79EFBC}") = "Practice1", "Practice1\Practice1\Practice1.csproj", "{AE760FEC-B4E2-4B5A-B832-4696BC399A46}"
EndProject
Global
	GlobalSection(SolutionConfigurationPlatforms) = preSolution
		Debug|Any CPU = Debug|Any CPU
		Debug|iPhone = Debug|iPhone
		Debug|iPhoneSimulator = Debug|iPhoneSimulator
		Release|Any CPU = Release|Any CPU
		Release|iPhone = Release|iPhone
		Release|iPhoneSimulator = Release|iPhoneSimulator
	EndGlobalSection
	GlobalSection(ProjectConfigurationPlatforms) = postSolution
		{9F9172B8-D938-4DAB-B7F2-7C1F858C69F0}.Debug|Any CPU.ActiveCfg = Debug|Any CPU
		{9F9172B8-D938-4DAB-B7F2-7C1F858C69F0}.Debug|Any CPU.Build.0 = Debug|Any CPU
		{9F9172B8-D938-4DAB-B7F2-7C1F858C69F0}.Debug|Any CPU.Deploy.0 = Debug|Any CPU
		{9F9172B8-D938-4DAB-B7F2-7C1F858C69F0}.Debug|iPhone.ActiveCfg = Debug|Any CPU
		{9F9172B8-D938-4DAB-B7F2-7C1F858C69F0}.Debug|iPhone.Build.0 = Debug|Any CPU
		{9F9172B8-D938-4DAB-B7F2-7C1F858C69F0}.Debug|iPhone.Deploy.0 = Debug|Any CPU
		{9F9172B8-D938-4DAB-B7F2-7C1F858C69F0}.Debug|iPhoneSimulator.ActiveCfg = Debug|Any CPU
		{9F9172B8-D938-4DAB-B7F2-7C1F858C69F0}.Debug|iPhoneSimulator.Build.0 = Debug|Any CPU
		{9F9172B8-D938-4DAB-B7F2-7C1F858C69F0}.Debug|iPhoneSimulator.Deploy.0 = Debug|Any CPU
		{9F9172B8-D938-4DAB-B7F2-7C1F858C69F0}.Release|Any CPU.ActiveCfg = Release|Any CPU
		{9F9172B8-D938-4DAB-B7F2-7C1F858C69F0}.Release|Any CPU.Build.0 = Release|Any CPU
		{9F9172B8-D938-4DAB-B7F2-7C1F858C69F0}.Release|Any CPU.Deploy.0 = Release|Any CPU
		{9F9172B8-D938-4DAB-B7F2-7C1F858C69F0}.Release|iPhone.ActiveCfg = Release|Any CPU
		{9F9172B8-D938-4DAB-B7F2-7C1F858C69F0}.Release|iPhone.Build.0 = Release|Any CPU
		{9F9172B8-D938-4DAB-B7F2-7C1F858C69F0}.Release|iPhone.Deploy.0 = Release|Any CPU
		{9F9172B8-D938-4DAB-B7F2-7C1F858C69F0}.Release|iPhoneSimulator.ActiveCfg = Release|Any CPU
		{9F9172B8-D938-4DAB-B7F2-7C1F858C69F0}.Release|iPhoneSimulator.Build.0 = Release|Any CPU
		{9F9172B8-D938-4DAB-B7F2-7C1F858C69F0}.Release|iPhoneSimulator.Deploy.0 = Release|Any CPU
		{82CC333A-DED8-4A5B-845F-5A590FA8A17F}.Debug|Any CPU.ActiveCfg = Debug|iPhone
		{82CC333A-DED8-4A5B-845F-5A590FA8A17F}.Debug|Any CPU.Build.0 = Debug|iPhone
		{82CC333A-DED8-4A5B-845F-5A590FA8A17F}.Debug|Any CPU.Deploy.0 = Debug|iPhone
		{82CC333A-DED8-4A5B-845F-5A590FA8A17F}.Debug|iPhone.ActiveCfg = Debug|iPhone
		{82CC333A-DED8-4A5B-845F-5A590FA8A17F}.Debug|iPhone.Build.0 = Debug|iPhone
		{82CC333A-DED8-4A5B-845F-5A590FA8A17F}.Debug|iPhone.Deploy.0 = Debug|iPhone
		{82CC333A-DED8-4A5B-845F-5A590FA8A17F}.Debug|iPhoneSimulator.ActiveCfg = Debug|iPhoneSimulator
		{82CC333A-DED8-4A5B-845F-5A590FA8A17F}.Debug|iPhoneSimulator.Build.0 = Debug|iPhoneSimulator
		{82CC333A-DED8-4A5B-845F-5A590FA8A17F}.Debug|iPhoneSimulator.Deploy.0 = Debug|iPhoneSimulator
		{82CC333A-DED8-4A5B-845F-5A590FA8A17F}.Release|Any CPU.ActiveCfg = Release|iPhoneSimulator
		{82CC333A-DED8-4A5B-845F-5A590FA8A17F}.Release|Any CPU.Build.0 = Release|iPhoneSimulator
		{82CC333A-DED8-4A5B-845F-5A590FA8A17F}.Release|Any CPU.Deploy.0 = Release|iPhoneSimulator
		{82CC333A-DED8-4A5B-845F-5A590FA8A17F}.Release|iPhone.ActiveCfg = Release|iPhone
		{82CC333A-DED8-4A5B-845F-5A590FA8A17F}.Release|iPhone.Build.0 = Release|iPhone
		{82CC333A-DED8-4A5B-845F-5A590FA8A17F}.Release|iPhone.Deploy.0 = Release|iPhone
		{82CC333A-DED8-4A5B-845F-5A590FA8A17F}.Release|iPhoneSimulator.ActiveCfg = Release|iPhoneSimulator
		{82CC333A-DED8-4A5B-845F-5A590FA8A17F}.Release|iPhoneSimulator.Build.0 = Release|iPhoneSimulator
		{82CC333A-DED8-4A5B-845F-5A590FA8A17F}.Release|iPhoneSimulator.Deploy.0 = Release|iPhoneSimulator
		{AE760FEC-B4E2-4B5A-B832-4696BC399A46}.Debug|Any CPU.ActiveCfg = Debug|Any CPU
		{AE760FEC-B4E2-4B5A-B832-4696BC399A46}.Debug|Any CPU.Build.0 = Debug|Any CPU
		{AE760FEC-B4E2-4B5A-B832-4696BC399A46}.Debug|Any CPU.Deploy.0 = Debug|Any CPU
		{AE760FEC-B4E2-4B5A-B832-4696BC399A46}.Debug|iPhone.ActiveCfg = Debug|Any CPU
		{AE760FEC-B4E2-4B5A-B832-4696BC399A46}.Debug|iPhone.Build.0 = Debug|Any CPU
		{AE760FEC-B4E2-4B5A-B832-4696BC399A46}.Debug|iPhone.Deploy.0 = Debug|Any CPU
		{AE760FEC-B4E2-4B5A-B832-4696BC399A46}.Debug|iPhoneSimulator.ActiveCfg = Debug|Any CPU
		{AE760FEC-B4E2-4B5A-B832-4696BC399A46}.Debug|iPhoneSimulator.Build.0 = Debug|Any CPU
		{AE760FEC-B4E2-4B5A-B832-4696BC399A46}.Debug|iPhoneSimulator.Deploy.0 = Debug|Any CPU
		{AE760FEC-B4E2-4B5A-B832-4696BC399A46}.Release|Any CPU.ActiveCfg = Release|Any CPU
		{AE760FEC-B4E2-4B5A-B832-4696BC399A46}.Release|Any CPU.Build.0 = Release|Any CPU
		{AE760FEC-B4E2-4B5A-B832-4696BC399A46}.Release|Any CPU.Deploy.0 = Release|Any CPU
		{AE760FEC-B4E2-4B5A-B832-4696BC399A46}.Release|iPhone.ActiveCfg = Release|Any CPU
		{AE760FEC-B4E2-4B5A-B832-4696BC399A46}.Release|iPhone.Build.0 = Release|Any CPU
		{AE760FEC-B4E2-4B5A-B832-4696BC399A46}.Release|iPhone.Deploy.0 = Release|Any CPU
		{AE760FEC-B4E2-4B5A-B832-4696BC399A46}.Release|iPhoneSimulator.ActiveCfg = Release|Any CPU
		{AE760FEC-B4E2-4B5A-B832-4696BC399A46}.Release|iPhoneSimulator.Build.0 = Release|Any CPU
		{AE760FEC-B4E2-4B5A-B832-4696BC399A46}.Release|iPhoneSimulator.Deploy.0 = Release|Any CPU
	EndGlobalSection
	GlobalSection(SolutionProperties) = preSolution
		HideSolutionNode = FALSE
	EndGlobalSection
	GlobalSection(ExtensibilityGlobals) = postSolution
		SolutionGuid = {DA653C00-2BE6-459A-9C53-29B18501C270}
	EndGlobalSection
EndGlobal
